
Microsoft Visual Studio Solution File, Format Version 12.00
# Visual Studio Version 16
VisualStudioVersion = 16.0.33214.272
MinimumVisualStudioVersion = 10.0.40219.1
Project("{FAE04EC0-301F-11D3-BF4B-00C04F79EFBC}") = "LR9", "LR9\LR9.csproj", "{65EED4E4-A1F4-45BB-A7DC-91F992E07EDC}"
EndProject
Global
	GlobalSection(SolutionConfigurationPlatforms) = preSolution
		Debug|Any CPU = Debug|Any CPU
		Release|Any CPU = Release|Any CPU
	EndGlobalSection
	GlobalSection(ProjectConfigurationPlatforms) = postSolution
		{65EED4E4-A1F4-45BB-A7DC-91F992E07EDC}.Debug|Any CPU.ActiveCfg = Debug|Any CPU
		{65EED4E4-A1F4-45BB-A7DC-91F992E07EDC}.Debug|Any CPU.Build.0 = Debug|Any CPU
		{65EED4E4-A1F4-45BB-A7DC-91F992E07EDC}.Release|Any CPU.ActiveCfg = Release|Any CPU
		{65EED4E4-A1F4-45BB-A7DC-91F992E07EDC}.Release|Any CPU.Build.0 = Release|Any CPU
	EndGlobalSection
	GlobalSection(SolutionProperties) = preSolution
		HideSolutionNode = FALSE
	EndGlobalSection
	GlobalSection(ExtensibilityGlobals) = postSolution
		SolutionGuid = {ADBFED66-E886-435C-8327-31EECCD6CE94}
	EndGlobalSection
EndGlobal
